# THIS IS AN AUTOGENERATED FILE. DO NOT EDIT THIS FILE DIRECTLY.
# yarn lockfile v1


chrome-types@^0.1.289:
  version "0.1.289"
  resolved "https://registry.yarnpkg.com/chrome-types/-/chrome-types-0.1.289.tgz#a5c4679295a3ae29c9b61d14882bc73a71fdef34"
  integrity sha512-wbVmJDynx17Z1/U/DBMWDMIlRyvGQqCkcWmy1JsOAK+oUpND5zYXPGPsb9tWtDy3kmmSta7QhSUDuS6jR2Ke+A==
